# This file is automatically @generated by Cargo.
# It is not intended for manual editing.
version = 4

[[package]]
name = "audit-cli"
version = "0.7.2"
dependencies = [
 "query-router",
 "recovery-journal",
 "wire-schema",
]

[[package]]
name = "cache-engine"
version = "5.3.0"
dependencies = [
 "snapshot-index",
 "wire-schema",
]

[[package]]
name = "query-router"
version = "1.8.3"
dependencies = [
 "cache-engine",
 "snapshot-index",
 "wire-schema",
]

[[package]]
name = "recovery-journal"
version = "0.9.2"
dependencies = [
 "segment-format",
]

[[package]]
name = "segment-format"
version = "1.6.4"
dependencies = [
 "wire-schema",
]

[[package]]
name = "snapshot-index"
version = "3.1.0"
dependencies = [
 "segment-format",
 "wire-schema",
]

[[package]]
name = "wire-schema"
version = "2.4.1"
